
Microsoft Visual Studio Solution File, Format Version 12.00
Project("{FAE04EC0-301F-11D3-BF4B-00C04F79EFBC}") = "CleanConnect.Common", "CleanConnect.Common\CleanConnect.Common.csproj", "{02D15813-D24C-47DB-AB4C-867ED539880D}"
EndProject
Project("{FAE04EC0-301F-11D3-BF4B-00C04F79EFBC}") = "CleanConnect.Web", "CleanConnect.Web\CleanConnect.Web.csproj", "{17D36D09-1686-4869-97F0-85B3E08CFAEB}"
EndProject
Project("{FAE04EC0-301F-11D3-BF4B-00C04F79EFBC}") = "CleanConnect.API", "CleanConnect.API\CleanConnect.API.csproj", "{A17AE2ED-70C9-4DD6-AAB1-25359C875434}"
EndProject
Project("{FAE04EC0-301F-11D3-BF4B-00C04F79EFBC}") = "CleanConnect.Core", "CleanConnect.Core\CleanConnect.Core.csproj", "{71B3BC45-F1A8-469A-A47F-46499C3912F3}"
EndProject
Project("{FAE04EC0-301F-11D3-BF4B-00C04F79EFBC}") = "CleanConnect.Db", "CleanConnect.Db\CleanConnect.Db.csproj", "{5DFB6912-2D95-403F-BFBB-2AF8C6A351AF}"
EndProject
Project("{FAE04EC0-301F-11D3-BF4B-00C04F79EFBC}") = "CleanConnect.Core.Test", "CleanConnect.Core.Test\CleanConnect.Core.Test.csproj", "{A98E54A8-5037-4C57-B5E2-25C933A94924}"
EndProject
Global
	GlobalSection(SolutionConfigurationPlatforms) = preSolution
		Debug|Any CPU = Debug|Any CPU
		Release|Any CPU = Release|Any CPU
	EndGlobalSection
	GlobalSection(ProjectConfigurationPlatforms) = postSolution
		{6FAA6A08-053E-4278-8D32-798DEC7B3DFA}.Debug|Any CPU.ActiveCfg = Debug|Any CPU
		{6FAA6A08-053E-4278-8D32-798DEC7B3DFA}.Debug|Any CPU.Build.0 = Debug|Any CPU
		{6FAA6A08-053E-4278-8D32-798DEC7B3DFA}.Release|Any CPU.ActiveCfg = Release|Any CPU
		{6FAA6A08-053E-4278-8D32-798DEC7B3DFA}.Release|Any CPU.Build.0 = Release|Any CPU
		{02D15813-D24C-47DB-AB4C-867ED539880D}.Debug|Any CPU.ActiveCfg = Debug|Any CPU
		{02D15813-D24C-47DB-AB4C-867ED539880D}.Debug|Any CPU.Build.0 = Debug|Any CPU
		{02D15813-D24C-47DB-AB4C-867ED539880D}.Release|Any CPU.ActiveCfg = Release|Any CPU
		{02D15813-D24C-47DB-AB4C-867ED539880D}.Release|Any CPU.Build.0 = Release|Any CPU
		{17D36D09-1686-4869-97F0-85B3E08CFAEB}.Debug|Any CPU.ActiveCfg = Debug|Any CPU
		{17D36D09-1686-4869-97F0-85B3E08CFAEB}.Debug|Any CPU.Build.0 = Debug|Any CPU
		{17D36D09-1686-4869-97F0-85B3E08CFAEB}.Release|Any CPU.ActiveCfg = Release|Any CPU
		{17D36D09-1686-4869-97F0-85B3E08CFAEB}.Release|Any CPU.Build.0 = Release|Any CPU
		{A17AE2ED-70C9-4DD6-AAB1-25359C875434}.Debug|Any CPU.ActiveCfg = Debug|Any CPU
		{A17AE2ED-70C9-4DD6-AAB1-25359C875434}.Debug|Any CPU.Build.0 = Debug|Any CPU
		{A17AE2ED-70C9-4DD6-AAB1-25359C875434}.Release|Any CPU.ActiveCfg = Release|Any CPU
		{A17AE2ED-70C9-4DD6-AAB1-25359C875434}.Release|Any CPU.Build.0 = Release|Any CPU
		{71B3BC45-F1A8-469A-A47F-46499C3912F3}.Debug|Any CPU.ActiveCfg = Debug|Any CPU
		{71B3BC45-F1A8-469A-A47F-46499C3912F3}.Debug|Any CPU.Build.0 = Debug|Any CPU
		{71B3BC45-F1A8-469A-A47F-46499C3912F3}.Release|Any CPU.ActiveCfg = Release|Any CPU
		{71B3BC45-F1A8-469A-A47F-46499C3912F3}.Release|Any CPU.Build.0 = Release|Any CPU
		{5DFB6912-2D95-403F-BFBB-2AF8C6A351AF}.Debug|Any CPU.ActiveCfg = Debug|Any CPU
		{5DFB6912-2D95-403F-BFBB-2AF8C6A351AF}.Debug|Any CPU.Build.0 = Debug|Any CPU
		{5DFB6912-2D95-403F-BFBB-2AF8C6A351AF}.Release|Any CPU.ActiveCfg = Release|Any CPU
		{5DFB6912-2D95-403F-BFBB-2AF8C6A351AF}.Release|Any CPU.Build.0 = Release|Any CPU
		{A98E54A8-5037-4C57-B5E2-25C933A94924}.Debug|Any CPU.ActiveCfg = Debug|Any CPU
		{A98E54A8-5037-4C57-B5E2-25C933A94924}.Debug|Any CPU.Build.0 = Debug|Any CPU
		{A98E54A8-5037-4C57-B5E2-25C933A94924}.Release|Any CPU.ActiveCfg = Release|Any CPU
		{A98E54A8-5037-4C57-B5E2-25C933A94924}.Release|Any CPU.Build.0 = Release|Any CPU
	EndGlobalSection
EndGlobal
